// !$*UTF8*$!
{
	archiveVersion = 1;
	classes = {
	};
	objectVersion = 46;
	objects = {

/* Begin PBXBuildFile section */
		AD057A30151A18C2001C8812 /* TTFetchResultsModel.h in Headers */ = {isa = PBXBuildFile; fileRef = AD057A2C151A18C2001C8812 /* TTFetchResultsModel.h */; };
		AD057A31151A18C2001C8812 /* TTFetchResultsModel.m in Sources */ = {isa = PBXBuildFile; fileRef = AD057A2D151A18C2001C8812 /* TTFetchResultsModel.m */; };
		AD057A32151A18C2001C8812 /* UIViewControllerAdditions.h in Headers */ = {isa = PBXBuildFile; fileRef = AD057A2E151A18C2001C8812 /* UIViewControllerAdditions.h */; };
		AD057A33151A18C2001C8812 /* UIViewControllerAdditions.m in Sources */ = {isa = PBXBuildFile; fileRef = AD057A2F151A18C2001C8812 /* UIViewControllerAdditions.m */; };
		AD0C742214E8E6E20034DDDD /* TTPopoverBackgroundView.h in Headers */ = {isa = PBXBuildFile; fileRef = AD0C741E14E8E6E10034DDDD /* TTPopoverBackgroundView.h */; };
		AD0C742314E8E6E20034DDDD /* TTPopoverBackgroundView.m in Sources */ = {isa = PBXBuildFile; fileRef = AD0C741F14E8E6E10034DDDD /* TTPopoverBackgroundView.m */; };
		AD0C742414E8E6E20034DDDD /* TTPopoverController.h in Headers */ = {isa = PBXBuildFile; fileRef = AD0C742014E8E6E10034DDDD /* TTPopoverController.h */; };
		AD0C742514E8E6E20034DDDD /* TTPopoverController.m in Sources */ = {isa = PBXBuildFile; fileRef = AD0C742114E8E6E10034DDDD /* TTPopoverController.m */; };
		AD1E0BAB15032916001254C6 /* TTActivityLabel.h in Headers */ = {isa = PBXBuildFile; fileRef = AD1E0BA915032916001254C6 /* TTActivityLabel.h */; };
		AD1E0BAC15032916001254C6 /* TTActivityLabel.m in Sources */ = {isa = PBXBuildFile; fileRef = AD1E0BAA15032916001254C6 /* TTActivityLabel.m */; };
		AD2649F614D664AF001415D0 /* TTStyleSheet.h in Headers */ = {isa = PBXBuildFile; fileRef = AD2649F414D664AE001415D0 /* TTStyleSheet.h */; };
		AD2649F714D664AF001415D0 /* TTStyleSheet.m in Sources */ = {isa = PBXBuildFile; fileRef = AD2649F514D664AF001415D0 /* TTStyleSheet.m */; };
		AD3DC3ED1535EAA70079D263 /* TTStyledLineBreakNode.h in Headers */ = {isa = PBXBuildFile; fileRef = AD3DC3EB1535EAA70079D263 /* TTStyledLineBreakNode.h */; };
		AD3DC3EE1535EAA70079D263 /* TTStyledLineBreakNode.m in Sources */ = {isa = PBXBuildFile; fileRef = AD3DC3EC1535EAA70079D263 /* TTStyledLineBreakNode.m */; };
		AD44E55814CBD30C007A2DBD /* TTStyledBoxFrame.h in Headers */ = {isa = PBXBuildFile; fileRef = AD44E53914CBD30C007A2DBD /* TTStyledBoxFrame.h */; };
		AD44E55914CBD30C007A2DBD /* TTStyledBoxFrame.m in Sources */ = {isa = PBXBuildFile; fileRef = AD44E53A14CBD30C007A2DBD /* TTStyledBoxFrame.m */; };
		AD44E55A14CBD30C007A2DBD /* TTStyledElement.h in Headers */ = {isa = PBXBuildFile; fileRef = AD44E53B14CBD30C007A2DBD /* TTStyledElement.h */; };
		AD44E55B14CBD30C007A2DBD /* TTStyledElement.m in Sources */ = {isa = PBXBuildFile; fileRef = AD44E53C14CBD30C007A2DBD /* TTStyledElement.m */; };
		AD44E55C14CBD30C007A2DBD /* TTStyledFrame.h in Headers */ = {isa = PBXBuildFile; fileRef = AD44E53D14CBD30C007A2DBD /* TTStyledFrame.h */; };
		AD44E55D14CBD30C007A2DBD /* TTStyledFrame.m in Sources */ = {isa = PBXBuildFile; fileRef = AD44E53E14CBD30C007A2DBD /* TTStyledFrame.m */; };
		AD44E55E14CBD30C007A2DBD /* TTStyledImageFrame.h in Headers */ = {isa = PBXBuildFile; fileRef = AD44E53F14CBD30C007A2DBD /* TTStyledImageFrame.h */; };
		AD44E55F14CBD30C007A2DBD /* TTStyledImageFrame.m in Sources */ = {isa = PBXBuildFile; fileRef = AD44E54014CBD30C007A2DBD /* TTStyledImageFrame.m */; };
		AD44E56014CBD30C007A2DBD /* TTStyledImageNode.h in Headers */ = {isa = PBXBuildFile; fileRef = AD44E54114CBD30C007A2DBD /* TTStyledImageNode.h */; };
		AD44E56114CBD30C007A2DBD /* TTStyledImageNode.m in Sources */ = {isa = PBXBuildFile; fileRef = AD44E54214CBD30C007A2DBD /* TTStyledImageNode.m */; };
		AD44E56414CBD30C007A2DBD /* TTStyledLayout.h in Headers */ = {isa = PBXBuildFile; fileRef = AD44E54514CBD30C007A2DBD /* TTStyledLayout.h */; };
		AD44E56514CBD30C007A2DBD /* TTStyledLayout.m in Sources */ = {isa = PBXBuildFile; fileRef = AD44E54614CBD30C007A2DBD /* TTStyledLayout.m */; };
		AD44E56614CBD30C007A2DBD /* TTStyledLinkNode.h in Headers */ = {isa = PBXBuildFile; fileRef = AD44E54714CBD30C007A2DBD /* TTStyledLinkNode.h */; };
		AD44E56714CBD30C007A2DBD /* TTStyledLinkNode.m in Sources */ = {isa = PBXBuildFile; fileRef = AD44E54814CBD30C007A2DBD /* TTStyledLinkNode.m */; };
		AD44E56814CBD30C007A2DBD /* TTStyledNode.h in Headers */ = {isa = PBXBuildFile; fileRef = AD44E54914CBD30C007A2DBD /* TTStyledNode.h */; };
		AD44E56914CBD30C007A2DBD /* TTStyledNode.m in Sources */ = {isa = PBXBuildFile; fileRef = AD44E54A14CBD30C007A2DBD /* TTStyledNode.m */; };
		AD44E56A14CBD30C007A2DBD /* TTStyledText.h in Headers */ = {isa = PBXBuildFile; fileRef = AD44E54B14CBD30C007A2DBD /* TTStyledText.h */; };
		AD44E56B14CBD30C007A2DBD /* TTStyledText.m in Sources */ = {isa = PBXBuildFile; fileRef = AD44E54C14CBD30C007A2DBD /* TTStyledText.m */; };
		AD44E56C14CBD30C007A2DBD /* TTStyledTextDelegate.h in Headers */ = {isa = PBXBuildFile; fileRef = AD44E54D14CBD30C007A2DBD /* TTStyledTextDelegate.h */; };
		AD44E56D14CBD30C007A2DBD /* TTStyledTextFrame.h in Headers */ = {isa = PBXBuildFile; fileRef = AD44E54E14CBD30C007A2DBD /* TTStyledTextFrame.h */; };
		AD44E56E14CBD30C007A2DBD /* TTStyledTextFrame.m in Sources */ = {isa = PBXBuildFile; fileRef = AD44E54F14CBD30C007A2DBD /* TTStyledTextFrame.m */; };
		AD44E56F14CBD30C007A2DBD /* TTStyledTextLabel.h in Headers */ = {isa = PBXBuildFile; fileRef = AD44E55014CBD30C007A2DBD /* TTStyledTextLabel.h */; };
		AD44E57014CBD30C007A2DBD /* TTStyledTextLabel.m in Sources */ = {isa = PBXBuildFile; fileRef = AD44E55114CBD30C007A2DBD /* TTStyledTextLabel.m */; };
		AD44E57114CBD30C007A2DBD /* TTStyledTextNode.h in Headers */ = {isa = PBXBuildFile; fileRef = AD44E55214CBD30C007A2DBD /* TTStyledTextNode.h */; };
		AD44E57214CBD30C007A2DBD /* TTStyledTextNode.m in Sources */ = {isa = PBXBuildFile; fileRef = AD44E55314CBD30C007A2DBD /* TTStyledTextNode.m */; };
		AD44E57314CBD30C007A2DBD /* TTStyledTextParser.h in Headers */ = {isa = PBXBuildFile; fileRef = AD44E55414CBD30C007A2DBD /* TTStyledTextParser.h */; };
		AD44E57414CBD30C007A2DBD /* TTStyledTextParser.m in Sources */ = {isa = PBXBuildFile; fileRef = AD44E55514CBD30C007A2DBD /* TTStyledTextParser.m */; };
		AD44E57514CBD30C007A2DBD /* UIImageAdditions.h in Headers */ = {isa = PBXBuildFile; fileRef = AD44E55614CBD30C007A2DBD /* UIImageAdditions.h */; };
		AD44E57614CBD30C007A2DBD /* UIImageAdditions.m in Sources */ = {isa = PBXBuildFile; fileRef = AD44E55714CBD30C007A2DBD /* UIImageAdditions.m */; };
		AD44E5C314CD0B3E007A2DBD /* TTStyledInlineFrame.h in Headers */ = {isa = PBXBuildFile; fileRef = AD44E5C114CD0B3B007A2DBD /* TTStyledInlineFrame.h */; };
		AD44E5C414CD0B3E007A2DBD /* TTStyledInlineFrame.m in Sources */ = {isa = PBXBuildFile; fileRef = AD44E5C214CD0B3C007A2DBD /* TTStyledInlineFrame.m */; };
		AD5D645A14D4FBCE00F3C470 /* TTGlobalStyle.h in Headers */ = {isa = PBXBuildFile; fileRef = AD5D645814D4FBCC00F3C470 /* TTGlobalStyle.h */; };
		AD5D645B14D4FBCE00F3C470 /* TTGlobalStyle.m in Sources */ = {isa = PBXBuildFile; fileRef = AD5D645914D4FBCD00F3C470 /* TTGlobalStyle.m */; };
		AD63E3C514C876F400D505F2 /* TTGlobalCore.h in Headers */ = {isa = PBXBuildFile; fileRef = AD63E3C314C876F400D505F2 /* TTGlobalCore.h */; settings = {ATTRIBUTES = (); }; };
		AD63E3C614C876F400D505F2 /* TTGlobalCore.m in Sources */ = {isa = PBXBuildFile; fileRef = AD63E3C414C876F400D505F2 /* TTGlobalCore.m */; };
		AD63E3EA14C87CD100D505F2 /* TT.h in Headers */ = {isa = PBXBuildFile; fileRef = AD63E3E914C87CD100D505F2 /* TT.h */; settings = {ATTRIBUTES = (); }; };
		AD63E4D214C902E100D505F2 /* TTURLRequestQueueInternal.h in Headers */ = {isa = PBXBuildFile; fileRef = ADDB8A9114C8744B00F13BC3 /* TTURLRequestQueueInternal.h */; };
		AD8367FC1507481600863882 /* TTPageControl.h in Headers */ = {isa = PBXBuildFile; fileRef = AD8367F81507481600863882 /* TTPageControl.h */; };
		AD8367FD1507481600863882 /* TTPageControl.m in Sources */ = {isa = PBXBuildFile; fileRef = AD8367F91507481600863882 /* TTPageControl.m */; };
		AD8367FE1507481600863882 /* TTTableView.h in Headers */ = {isa = PBXBuildFile; fileRef = AD8367FA1507481600863882 /* TTTableView.h */; };
		AD8367FF1507481600863882 /* TTTableView.m in Sources */ = {isa = PBXBuildFile; fileRef = AD8367FB1507481600863882 /* TTTableView.m */; };
		AD83680615075A2E00863882 /* UITableViewAdditions.h in Headers */ = {isa = PBXBuildFile; fileRef = AD83680415075A2D00863882 /* UITableViewAdditions.h */; };
		AD83680715075A2E00863882 /* UITableViewAdditions.m in Sources */ = {isa = PBXBuildFile; fileRef = AD83680515075A2E00863882 /* UITableViewAdditions.m */; };
		AD86BCE51508B9D400E1E084 /* TTArrayModel.h in Headers */ = {isa = PBXBuildFile; fileRef = AD86BCE31508B9D400E1E084 /* TTArrayModel.h */; };
		AD86BCE61508B9D400E1E084 /* TTArrayModel.m in Sources */ = {isa = PBXBuildFile; fileRef = AD86BCE41508B9D400E1E084 /* TTArrayModel.m */; };
		AD8861E814D7EDEE004A64B9 /* TTStyledTextLabelDelegate.h in Headers */ = {isa = PBXBuildFile; fileRef = AD8861E614D7EDEE004A64B9 /* TTStyledTextLabelDelegate.h */; };
		ADAC5E8714F4BF1A003E6D44 /* TTModel.m in Sources */ = {isa = PBXBuildFile; fileRef = ADAC5E8614F4BF1A003E6D44 /* TTModel.m */; };
		ADCB50A914C9105200364611 /* TTURLRequestInternal.h in Headers */ = {isa = PBXBuildFile; fileRef = ADDB8A8E14C8744B00F13BC3 /* TTURLRequestInternal.h */; };
		ADCB510914C9163800364611 /* TTModel.h in Headers */ = {isa = PBXBuildFile; fileRef = ADCB510714C9163700364611 /* TTModel.h */; settings = {ATTRIBUTES = (); }; };
		ADCB510D14C9172600364611 /* TTURLRequestModel.h in Headers */ = {isa = PBXBuildFile; fileRef = ADCB510B14C9172300364611 /* TTURLRequestModel.h */; settings = {ATTRIBUTES = (); }; };
		ADCB510E14C9172600364611 /* TTURLRequestModel.m in Sources */ = {isa = PBXBuildFile; fileRef = ADCB510C14C9172500364611 /* TTURLRequestModel.m */; };
		ADCB511114CA6C7D00364611 /* TTModelDelegate.h in Headers */ = {isa = PBXBuildFile; fileRef = ADCB510F14CA6C7B00364611 /* TTModelDelegate.h */; settings = {ATTRIBUTES = (); }; };
		ADCB512114CA839000364611 /* TTNetworkEnabledTableViewController.h in Headers */ = {isa = PBXBuildFile; fileRef = ADCB511F14CA838E00364611 /* TTNetworkEnabledTableViewController.h */; settings = {ATTRIBUTES = (); }; };
		ADCB512214CA839000364611 /* TTNetworkEnabledTableViewController.m in Sources */ = {isa = PBXBuildFile; fileRef = ADCB512014CA838F00364611 /* TTNetworkEnabledTableViewController.m */; };
		ADD0341B151EFE940011441A /* TTWebViewController.h in Headers */ = {isa = PBXBuildFile; fileRef = ADD03419151EFE940011441A /* TTWebViewController.h */; };
		ADD0341C151EFE940011441A /* TTWebViewController.m in Sources */ = {isa = PBXBuildFile; fileRef = ADD0341A151EFE940011441A /* TTWebViewController.m */; };
		ADDB8A6914C8741F00F13BC3 /* Foundation.framework in Frameworks */ = {isa = PBXBuildFile; fileRef = ADDB8A6814C8741F00F13BC3 /* Foundation.framework */; };
		ADDB8AA914C8744B00F13BC3 /* JSONKit.h in Headers */ = {isa = PBXBuildFile; fileRef = ADDB8A7714C8744B00F13BC3 /* JSONKit.h */; settings = {ATTRIBUTES = (); }; };
		ADDB8AAA14C8744B00F13BC3 /* JSONKit.m in Sources */ = {isa = PBXBuildFile; fileRef = ADDB8A7814C8744B00F13BC3 /* JSONKit.m */; };
		ADDB8AAB14C8744B00F13BC3 /* NSArrayAdditions.h in Headers */ = {isa = PBXBuildFile; fileRef = ADDB8A7B14C8744B00F13BC3 /* NSArrayAdditions.h */; settings = {ATTRIBUTES = (); }; };
		ADDB8AAC14C8744B00F13BC3 /* NSArrayAdditions.m in Sources */ = {isa = PBXBuildFile; fileRef = ADDB8A7C14C8744B00F13BC3 /* NSArrayAdditions.m */; };
		ADDB8AAD14C8744B00F13BC3 /* NSDataAdditions.h in Headers */ = {isa = PBXBuildFile; fileRef = ADDB8A7D14C8744B00F13BC3 /* NSDataAdditions.h */; settings = {ATTRIBUTES = (); }; };
		ADDB8AAE14C8744B00F13BC3 /* NSDataAdditions.m in Sources */ = {isa = PBXBuildFile; fileRef = ADDB8A7E14C8744B00F13BC3 /* NSDataAdditions.m */; };
		ADDB8AAF14C8744B00F13BC3 /* NSStringAdditions.h in Headers */ = {isa = PBXBuildFile; fileRef = ADDB8A7F14C8744B00F13BC3 /* NSStringAdditions.h */; settings = {ATTRIBUTES = (); }; };
		ADDB8AB014C8744B00F13BC3 /* NSStringAdditions.m in Sources */ = {isa = PBXBuildFile; fileRef = ADDB8A8014C8744B00F13BC3 /* NSStringAdditions.m */; };
		ADDB8AB114C8744B00F13BC3 /* TTDebug.h in Headers */ = {isa = PBXBuildFile; fileRef = ADDB8A8114C8744B00F13BC3 /* TTDebug.h */; settings = {ATTRIBUTES = (); }; };
		ADDB8AB214C8744B00F13BC3 /* TTDebug.m in Sources */ = {isa = PBXBuildFile; fileRef = ADDB8A8214C8744B00F13BC3 /* TTDebug.m */; };
		ADDB8AB314C8744B00F13BC3 /* TTGlobalNetwork.h in Headers */ = {isa = PBXBuildFile; fileRef = ADDB8A8314C8744B00F13BC3 /* TTGlobalNetwork.h */; settings = {ATTRIBUTES = (); }; };
		ADDB8AB414C8744B00F13BC3 /* TTGlobalNetwork.m in Sources */ = {isa = PBXBuildFile; fileRef = ADDB8A8414C8744B00F13BC3 /* TTGlobalNetwork.m */; };
		ADDB8AB614C8744B00F13BC3 /* TTRequestLoader.h in Headers */ = {isa = PBXBuildFile; fileRef = ADDB8A8614C8744B00F13BC3 /* TTRequestLoader.h */; settings = {ATTRIBUTES = (); }; };
		ADDB8AB714C8744B00F13BC3 /* TTRequestLoader.m in Sources */ = {isa = PBXBuildFile; fileRef = ADDB8A8714C8744B00F13BC3 /* TTRequestLoader.m */; };
		ADDB8AB814C8744B00F13BC3 /* TTURLCache.h in Headers */ = {isa = PBXBuildFile; fileRef = ADDB8A8814C8744B00F13BC3 /* TTURLCache.h */; settings = {ATTRIBUTES = (); }; };
		ADDB8AB914C8744B00F13BC3 /* TTURLCache.m in Sources */ = {isa = PBXBuildFile; fileRef = ADDB8A8914C8744B00F13BC3 /* TTURLCache.m */; };
		ADDB8ABA14C8744B00F13BC3 /* TTURLRequest.h in Headers */ = {isa = PBXBuildFile; fileRef = ADDB8A8A14C8744B00F13BC3 /* TTURLRequest.h */; settings = {ATTRIBUTES = (); }; };
		ADDB8ABB14C8744B00F13BC3 /* TTURLRequest.m in Sources */ = {isa = PBXBuildFile; fileRef = ADDB8A8B14C8744B00F13BC3 /* TTURLRequest.m */; };
		ADDB8ABC14C8744B00F13BC3 /* TTURLRequestCachePolicy.h in Headers */ = {isa = PBXBuildFile; fileRef = ADDB8A8C14C8744B00F13BC3 /* TTURLRequestCachePolicy.h */; settings = {ATTRIBUTES = (); }; };
		ADDB8ABD14C8744B00F13BC3 /* TTURLRequestDelegate.h in Headers */ = {isa = PBXBuildFile; fileRef = ADDB8A8D14C8744B00F13BC3 /* TTURLRequestDelegate.h */; settings = {ATTRIBUTES = (); }; };
		ADDB8ABF14C8744B00F13BC3 /* TTURLRequestQueue.h in Headers */ = {isa = PBXBuildFile; fileRef = ADDB8A8F14C8744B00F13BC3 /* TTURLRequestQueue.h */; settings = {ATTRIBUTES = (); }; };
		ADDB8AC014C8744B00F13BC3 /* TTURLRequestQueue.m in Sources */ = {isa = PBXBuildFile; fileRef = ADDB8A9014C8744B00F13BC3 /* TTURLRequestQueue.m */; };
		ADDB8AC214C8744B00F13BC3 /* TTGlobalUI.h in Headers */ = {isa = PBXBuildFile; fileRef = ADDB8A9314C8744B00F13BC3 /* TTGlobalUI.h */; settings = {ATTRIBUTES = (); }; };
		ADDB8AC314C8744B00F13BC3 /* TTGlobalUI.m in Sources */ = {isa = PBXBuildFile; fileRef = ADDB8A9414C8744B00F13BC3 /* TTGlobalUI.m */; };
		ADDB8AC414C8744B00F13BC3 /* TTInfiniteScrollFooterView.h in Headers */ = {isa = PBXBuildFile; fileRef = ADDB8A9514C8744B00F13BC3 /* TTInfiniteScrollFooterView.h */; };
		ADDB8AC514C8744B00F13BC3 /* TTInfiniteScrollFooterView.m in Sources */ = {isa = PBXBuildFile; fileRef = ADDB8A9614C8744B00F13BC3 /* TTInfiniteScrollFooterView.m */; };
		ADDB8AC814C8744B00F13BC3 /* TTModelViewController.h in Headers */ = {isa = PBXBuildFile; fileRef = ADDB8A9914C8744B00F13BC3 /* TTModelViewController.h */; settings = {ATTRIBUTES = (); }; };
		ADDB8AC914C8744B00F13BC3 /* TTModelViewController.m in Sources */ = {isa = PBXBuildFile; fileRef = ADDB8A9A14C8744B00F13BC3 /* TTModelViewController.m */; };
		ADDB8ACA14C8744B00F13BC3 /* TTPullRefreshHeaderView.h in Headers */ = {isa = PBXBuildFile; fileRef = ADDB8A9B14C8744B00F13BC3 /* TTPullRefreshHeaderView.h */; };
		ADDB8ACB14C8744B00F13BC3 /* TTPullRefreshHeaderView.m in Sources */ = {isa = PBXBuildFile; fileRef = ADDB8A9C14C8744B00F13BC3 /* TTPullRefreshHeaderView.m */; };
		ADDB8ACE14C8744B00F13BC3 /* TTTableViewCell.h in Headers */ = {isa = PBXBuildFile; fileRef = ADDB8A9F14C8744B00F13BC3 /* TTTableViewCell.h */; settings = {ATTRIBUTES = (); }; };
		ADDB8ACF14C8744B00F13BC3 /* TTTableViewController.h in Headers */ = {isa = PBXBuildFile; fileRef = ADDB8AA014C8744B00F13BC3 /* TTTableViewController.h */; settings = {ATTRIBUTES = (); }; };
		ADDB8AD014C8744B00F13BC3 /* TTTableViewController.m in Sources */ = {isa = PBXBuildFile; fileRef = ADDB8AA114C8744B00F13BC3 /* TTTableViewController.m */; };
		ADDB8AD214C8744B00F13BC3 /* TTViewController.h in Headers */ = {isa = PBXBuildFile; fileRef = ADDB8AA314C8744B00F13BC3 /* TTViewController.h */; settings = {ATTRIBUTES = (); }; };
		ADDB8AD314C8744B00F13BC3 /* TTViewController.m in Sources */ = {isa = PBXBuildFile; fileRef = ADDB8AA414C8744B00F13BC3 /* TTViewController.m */; };
		ADDB8AD414C8744B00F13BC3 /* UIImageViewAdditions.h in Headers */ = {isa = PBXBuildFile; fileRef = ADDB8AA514C8744B00F13BC3 /* UIImageViewAdditions.h */; settings = {ATTRIBUTES = (); }; };
		ADDB8AD514C8744B00F13BC3 /* UIImageViewAdditions.m in Sources */ = {isa = PBXBuildFile; fileRef = ADDB8AA614C8744B00F13BC3 /* UIImageViewAdditions.m */; };
		ADDB8AD614C8744B00F13BC3 /* UIViewAdditions.h in Headers */ = {isa = PBXBuildFile; fileRef = ADDB8AA714C8744B00F13BC3 /* UIViewAdditions.h */; settings = {ATTRIBUTES = (); }; };
		ADDB8AD714C8744B00F13BC3 /* UIViewAdditions.m in Sources */ = {isa = PBXBuildFile; fileRef = ADDB8AA814C8744B00F13BC3 /* UIViewAdditions.m */; };
		ADDE4422151EB7D400CDB9E9 /* NSDateAdditions.h in Headers */ = {isa = PBXBuildFile; fileRef = ADDE4420151EB7D400CDB9E9 /* NSDateAdditions.h */; };
		ADDE4423151EB7D400CDB9E9 /* NSDateAdditions.m in Sources */ = {isa = PBXBuildFile; fileRef = ADDE4421151EB7D400CDB9E9 /* NSDateAdditions.m */; };
		ADE7643F156DF8D800CD5860 /* TTScrollPagesViewController.h in Headers */ = {isa = PBXBuildFile; fileRef = ADE7643D156DF8D800CD5860 /* TTScrollPagesViewController.h */; };
		ADE76440156DF8D800CD5860 /* TTScrollPagesViewController.m in Sources */ = {isa = PBXBuildFile; fileRef = ADE7643E156DF8D800CD5860 /* TTScrollPagesViewController.m */; };
/* End PBXBuildFile section */

/* Begin PBXFileReference section */
		AD057A2C151A18C2001C8812 /* TTFetchResultsModel.h */ = {isa = PBXFileReference; fileEncoding = 4; lastKnownFileType = sourcecode.c.h; path = TTFetchResultsModel.h; sourceTree = "<group>"; };
		AD057A2D151A18C2001C8812 /* TTFetchResultsModel.m */ = {isa = PBXFileReference; fileEncoding = 4; lastKnownFileType = sourcecode.c.objc; path = TTFetchResultsModel.m; sourceTree = "<group>"; };
		AD057A2E151A18C2001C8812 /* UIViewControllerAdditions.h */ = {isa = PBXFileReference; fileEncoding = 4; lastKnownFileType = sourcecode.c.h; path = UIViewControllerAdditions.h; sourceTree = "<group>"; };
		AD057A2F151A18C2001C8812 /* UIViewControllerAdditions.m */ = {isa = PBXFileReference; fileEncoding = 4; lastKnownFileType = sourcecode.c.objc; path = UIViewControllerAdditions.m; sourceTree = "<group>"; };
		AD0C741E14E8E6E10034DDDD /* TTPopoverBackgroundView.h */ = {isa = PBXFileReference; fileEncoding = 4; lastKnownFileType = sourcecode.c.h; name = TTPopoverBackgroundView.h; path = TTUI/TTPopoverBackgroundView.h; sourceTree = SOURCE_ROOT; };
		AD0C741F14E8E6E10034DDDD /* TTPopoverBackgroundView.m */ = {isa = PBXFileReference; fileEncoding = 4; lastKnownFileType = sourcecode.c.objc; name = TTPopoverBackgroundView.m; path = TTUI/TTPopoverBackgroundView.m; sourceTree = SOURCE_ROOT; };
		AD0C742014E8E6E10034DDDD /* TTPopoverController.h */ = {isa = PBXFileReference; fileEncoding = 4; lastKnownFileType = sourcecode.c.h; name = TTPopoverController.h; path = TTUI/TTPopoverController.h; sourceTree = SOURCE_ROOT; };
		AD0C742114E8E6E10034DDDD /* TTPopoverController.m */ = {isa = PBXFileReference; fileEncoding = 4; lastKnownFileType = sourcecode.c.objc; name = TTPopoverController.m; path = TTUI/TTPopoverController.m; sourceTree = SOURCE_ROOT; };
		AD1E0BA915032916001254C6 /* TTActivityLabel.h */ = {isa = PBXFileReference; fileEncoding = 4; lastKnownFileType = sourcecode.c.h; path = TTActivityLabel.h; sourceTree = "<group>"; };
		AD1E0BAA15032916001254C6 /* TTActivityLabel.m */ = {isa = PBXFileReference; fileEncoding = 4; lastKnownFileType = sourcecode.c.objc; path = TTActivityLabel.m; sourceTree = "<group>"; };
		AD2649F414D664AE001415D0 /* TTStyleSheet.h */ = {isa = PBXFileReference; fileEncoding = 4; lastKnownFileType = sourcecode.c.h; path = TTStyleSheet.h; sourceTree = "<group>"; };
		AD2649F514D664AF001415D0 /* TTStyleSheet.m */ = {isa = PBXFileReference; fileEncoding = 4; lastKnownFileType = sourcecode.c.objc; path = TTStyleSheet.m; sourceTree = "<group>"; };
		AD3DC3EB1535EAA70079D263 /* TTStyledLineBreakNode.h */ = {isa = PBXFileReference; fileEncoding = 4; lastKnownFileType = sourcecode.c.h; path = TTStyledLineBreakNode.h; sourceTree = "<group>"; };
		AD3DC3EC1535EAA70079D263 /* TTStyledLineBreakNode.m */ = {isa = PBXFileReference; fileEncoding = 4; lastKnownFileType = sourcecode.c.objc; path = TTStyledLineBreakNode.m; sourceTree = "<group>"; };
		AD44E53914CBD30C007A2DBD /* TTStyledBoxFrame.h */ = {isa = PBXFileReference; fileEncoding = 4; lastKnownFileType = sourcecode.c.h; path = TTStyledBoxFrame.h; sourceTree = "<group>"; };
		AD44E53A14CBD30C007A2DBD /* TTStyledBoxFrame.m */ = {isa = PBXFileReference; fileEncoding = 4; lastKnownFileType = sourcecode.c.objc; path = TTStyledBoxFrame.m; sourceTree = "<group>"; };
		AD44E53B14CBD30C007A2DBD /* TTStyledElement.h */ = {isa = PBXFileReference; fileEncoding = 4; lastKnownFileType = sourcecode.c.h; path = TTStyledElement.h; sourceTree = "<group>"; };
		AD44E53C14CBD30C007A2DBD /* TTStyledElement.m */ = {isa = PBXFileReference; fileEncoding = 4; lastKnownFileType = sourcecode.c.objc; path = TTStyledElement.m; sourceTree = "<group>"; };
		AD44E53D14CBD30C007A2DBD /* TTStyledFrame.h */ = {isa = PBXFileReference; fileEncoding = 4; lastKnownFileType = sourcecode.c.h; path = TTStyledFrame.h; sourceTree = "<group>"; };
		AD44E53E14CBD30C007A2DBD /* TTStyledFrame.m */ = {isa = PBXFileReference; fileEncoding = 4; lastKnownFileType = sourcecode.c.objc; path = TTStyledFrame.m; sourceTree = "<group>"; };
		AD44E53F14CBD30C007A2DBD /* TTStyledImageFrame.h */ = {isa = PBXFileReference; fileEncoding = 4; lastKnownFileType = sourcecode.c.h; path = TTStyledImageFrame.h; sourceTree = "<group>"; };
		AD44E54014CBD30C007A2DBD /* TTStyledImageFrame.m */ = {isa = PBXFileReference; fileEncoding = 4; lastKnownFileType = sourcecode.c.objc; path = TTStyledImageFrame.m; sourceTree = "<group>"; };
		AD44E54114CBD30C007A2DBD /* TTStyledImageNode.h */ = {isa = PBXFileReference; fileEncoding = 4; lastKnownFileType = sourcecode.c.h; path = TTStyledImageNode.h; sourceTree = "<group>"; };
		AD44E54214CBD30C007A2DBD /* TTStyledImageNode.m */ = {isa = PBXFileReference; fileEncoding = 4; lastKnownFileType = sourcecode.c.objc; path = TTStyledImageNode.m; sourceTree = "<group>"; };
		AD44E54514CBD30C007A2DBD /* TTStyledLayout.h */ = {isa = PBXFileReference; fileEncoding = 4; lastKnownFileType = sourcecode.c.h; path = TTStyledLayout.h; sourceTree = "<group>"; };
		AD44E54614CBD30C007A2DBD /* TTStyledLayout.m */ = {isa = PBXFileReference; fileEncoding = 4; lastKnownFileType = sourcecode.c.objc; path = TTStyledLayout.m; sourceTree = "<group>"; };
		AD44E54714CBD30C007A2DBD /* TTStyledLinkNode.h */ = {isa = PBXFileReference; fileEncoding = 4; lastKnownFileType = sourcecode.c.h; path = TTStyledLinkNode.h; sourceTree = "<group>"; };
		AD44E54814CBD30C007A2DBD /* TTStyledLinkNode.m */ = {isa = PBXFileReference; fileEncoding = 4; lastKnownFileType = sourcecode.c.objc; path = TTStyledLinkNode.m; sourceTree = "<group>"; };
		AD44E54914CBD30C007A2DBD /* TTStyledNode.h */ = {isa = PBXFileReference; fileEncoding = 4; lastKnownFileType = sourcecode.c.h; path = TTStyledNode.h; sourceTree = "<group>"; };
		AD44E54A14CBD30C007A2DBD /* TTStyledNode.m */ = {isa = PBXFileReference; fileEncoding = 4; lastKnownFileType = sourcecode.c.objc; path = TTStyledNode.m; sourceTree = "<group>"; };
		AD44E54B14CBD30C007A2DBD /* TTStyledText.h */ = {isa = PBXFileReference; fileEncoding = 4; lastKnownFileType = sourcecode.c.h; path = TTStyledText.h; sourceTree = "<group>"; };
		AD44E54C14CBD30C007A2DBD /* TTStyledText.m */ = {isa = PBXFileReference; fileEncoding = 4; lastKnownFileType = sourcecode.c.objc; path = TTStyledText.m; sourceTree = "<group>"; };
		AD44E54D14CBD30C007A2DBD /* TTStyledTextDelegate.h */ = {isa = PBXFileReference; fileEncoding = 4; lastKnownFileType = sourcecode.c.h; path = TTStyledTextDelegate.h; sourceTree = "<group>"; };
		AD44E54E14CBD30C007A2DBD /* TTStyledTextFrame.h */ = {isa = PBXFileReference; fileEncoding = 4; lastKnownFileType = sourcecode.c.h; path = TTStyledTextFrame.h; sourceTree = "<group>"; };
		AD44E54F14CBD30C007A2DBD /* TTStyledTextFrame.m */ = {isa = PBXFileReference; fileEncoding = 4; lastKnownFileType = sourcecode.c.objc; path = TTStyledTextFrame.m; sourceTree = "<group>"; };
		AD44E55014CBD30C007A2DBD /* TTStyledTextLabel.h */ = {isa = PBXFileReference; fileEncoding = 4; lastKnownFileType = sourcecode.c.h; path = TTStyledTextLabel.h; sourceTree = "<group>"; };
		AD44E55114CBD30C007A2DBD /* TTStyledTextLabel.m */ = {isa = PBXFileReference; fileEncoding = 4; lastKnownFileType = sourcecode.c.objc; path = TTStyledTextLabel.m; sourceTree = "<group>"; };
		AD44E55214CBD30C007A2DBD /* TTStyledTextNode.h */ = {isa = PBXFileReference; fileEncoding = 4; lastKnownFileType = sourcecode.c.h; path = TTStyledTextNode.h; sourceTree = "<group>"; };
		AD44E55314CBD30C007A2DBD /* TTStyledTextNode.m */ = {isa = PBXFileReference; fileEncoding = 4; lastKnownFileType = sourcecode.c.objc; path = TTStyledTextNode.m; sourceTree = "<group>"; };
		AD44E55414CBD30C007A2DBD /* TTStyledTextParser.h */ = {isa = PBXFileReference; fileEncoding = 4; lastKnownFileType = sourcecode.c.h; path = TTStyledTextParser.h; sourceTree = "<group>"; };
		AD44E55514CBD30C007A2DBD /* TTStyledTextParser.m */ = {isa = PBXFileReference; fileEncoding = 4; lastKnownFileType = sourcecode.c.objc; path = TTStyledTextParser.m; sourceTree = "<group>"; };
		AD44E55614CBD30C007A2DBD /* UIImageAdditions.h */ = {isa = PBXFileReference; fileEncoding = 4; lastKnownFileType = sourcecode.c.h; path = UIImageAdditions.h; sourceTree = "<group>"; };
		AD44E55714CBD30C007A2DBD /* UIImageAdditions.m */ = {isa = PBXFileReference; fileEncoding = 4; lastKnownFileType = sourcecode.c.objc; path = UIImageAdditions.m; sourceTree = "<group>"; };
		AD44E5C114CD0B3B007A2DBD /* TTStyledInlineFrame.h */ = {isa = PBXFileReference; fileEncoding = 4; lastKnownFileType = sourcecode.c.h; path = TTStyledInlineFrame.h; sourceTree = "<group>"; };
		AD44E5C214CD0B3C007A2DBD /* TTStyledInlineFrame.m */ = {isa = PBXFileReference; fileEncoding = 4; lastKnownFileType = sourcecode.c.objc; path = TTStyledInlineFrame.m; sourceTree = "<group>"; };
		AD5D645814D4FBCC00F3C470 /* TTGlobalStyle.h */ = {isa = PBXFileReference; fileEncoding = 4; lastKnownFileType = sourcecode.c.h; path = TTGlobalStyle.h; sourceTree = "<group>"; };
		AD5D645914D4FBCD00F3C470 /* TTGlobalStyle.m */ = {isa = PBXFileReference; fileEncoding = 4; lastKnownFileType = sourcecode.c.objc; path = TTGlobalStyle.m; sourceTree = "<group>"; };
		AD63E3C314C876F400D505F2 /* TTGlobalCore.h */ = {isa = PBXFileReference; fileEncoding = 4; lastKnownFileType = sourcecode.c.h; path = TTGlobalCore.h; sourceTree = "<group>"; };
		AD63E3C414C876F400D505F2 /* TTGlobalCore.m */ = {isa = PBXFileReference; fileEncoding = 4; lastKnownFileType = sourcecode.c.objc; path = TTGlobalCore.m; sourceTree = "<group>"; };
		AD63E3E914C87CD100D505F2 /* TT.h */ = {isa = PBXFileReference; fileEncoding = 4; lastKnownFileType = sourcecode.c.h; path = TT.h; sourceTree = "<group>"; };
		AD8367F81507481600863882 /* TTPageControl.h */ = {isa = PBXFileReference; fileEncoding = 4; lastKnownFileType = sourcecode.c.h; path = TTPageControl.h; sourceTree = "<group>"; };
		AD8367F91507481600863882 /* TTPageControl.m */ = {isa = PBXFileReference; fileEncoding = 4; lastKnownFileType = sourcecode.c.objc; path = TTPageControl.m; sourceTree = "<group>"; };
		AD8367FA1507481600863882 /* TTTableView.h */ = {isa = PBXFileReference; fileEncoding = 4; lastKnownFileType = sourcecode.c.h; path = TTTableView.h; sourceTree = "<group>"; };
		AD8367FB1507481600863882 /* TTTableView.m */ = {isa = PBXFileReference; fileEncoding = 4; lastKnownFileType = sourcecode.c.objc; path = TTTableView.m; sourceTree = "<group>"; };
		AD83680415075A2D00863882 /* UITableViewAdditions.h */ = {isa = PBXFileReference; fileEncoding = 4; lastKnownFileType = sourcecode.c.h; path = UITableViewAdditions.h; sourceTree = "<group>"; };
		AD83680515075A2E00863882 /* UITableViewAdditions.m */ = {isa = PBXFileReference; fileEncoding = 4; lastKnownFileType = sourcecode.c.objc; path = UITableViewAdditions.m; sourceTree = "<group>"; };
		AD86BCE31508B9D400E1E084 /* TTArrayModel.h */ = {isa = PBXFileReference; fileEncoding = 4; lastKnownFileType = sourcecode.c.h; path = TTArrayModel.h; sourceTree = "<group>"; };
		AD86BCE41508B9D400E1E084 /* TTArrayModel.m */ = {isa = PBXFileReference; fileEncoding = 4; lastKnownFileType = sourcecode.c.objc; path = TTArrayModel.m; sourceTree = "<group>"; };
		AD8861E614D7EDEE004A64B9 /* TTStyledTextLabelDelegate.h */ = {isa = PBXFileReference; fileEncoding = 4; lastKnownFileType = sourcecode.c.h; path = TTStyledTextLabelDelegate.h; sourceTree = "<group>"; };
		ADAC5E8614F4BF1A003E6D44 /* TTModel.m */ = {isa = PBXFileReference; fileEncoding = 4; lastKnownFileType = sourcecode.c.objc; path = TTModel.m; sourceTree = "<group>"; };
		ADCB510714C9163700364611 /* TTModel.h */ = {isa = PBXFileReference; fileEncoding = 4; lastKnownFileType = sourcecode.c.h; path = TTModel.h; sourceTree = "<group>"; };
		ADCB510B14C9172300364611 /* TTURLRequestModel.h */ = {isa = PBXFileReference; fileEncoding = 4; lastKnownFileType = sourcecode.c.h; path = TTURLRequestModel.h; sourceTree = "<group>"; };
		ADCB510C14C9172500364611 /* TTURLRequestModel.m */ = {isa = PBXFileReference; fileEncoding = 4; lastKnownFileType = sourcecode.c.objc; path = TTURLRequestModel.m; sourceTree = "<group>"; };
		ADCB510F14CA6C7B00364611 /* TTModelDelegate.h */ = {isa = PBXFileReference; fileEncoding = 4; lastKnownFileType = sourcecode.c.h; path = TTModelDelegate.h; sourceTree = "<group>"; };
		ADCB511F14CA838E00364611 /* TTNetworkEnabledTableViewController.h */ = {isa = PBXFileReference; fileEncoding = 4; lastKnownFileType = sourcecode.c.h; path = TTNetworkEnabledTableViewController.h; sourceTree = "<group>"; };
		ADCB512014CA838F00364611 /* TTNetworkEnabledTableViewController.m */ = {isa = PBXFileReference; fileEncoding = 4; lastKnownFileType = sourcecode.c.objc; path = TTNetworkEnabledTableViewController.m; sourceTree = "<group>"; };
		ADD03419151EFE940011441A /* TTWebViewController.h */ = {isa = PBXFileReference; fileEncoding = 4; lastKnownFileType = sourcecode.c.h; path = TTWebViewController.h; sourceTree = "<group>"; };
		ADD0341A151EFE940011441A /* TTWebViewController.m */ = {isa = PBXFileReference; fileEncoding = 4; lastKnownFileType = sourcecode.c.objc; path = TTWebViewController.m; sourceTree = "<group>"; };
		ADDB8A6514C8741F00F13BC3 /* libTT.a */ = {isa = PBXFileReference; explicitFileType = archive.ar; includeInIndex = 0; path = libTT.a; sourceTree = BUILT_PRODUCTS_DIR; };
		ADDB8A6814C8741F00F13BC3 /* Foundation.framework */ = {isa = PBXFileReference; lastKnownFileType = wrapper.framework; name = Foundation.framework; path = System/Library/Frameworks/Foundation.framework; sourceTree = SDKROOT; };
		ADDB8A7714C8744B00F13BC3 /* JSONKit.h */ = {isa = PBXFileReference; fileEncoding = 4; lastKnownFileType = sourcecode.c.h; path = JSONKit.h; sourceTree = "<group>"; };
		ADDB8A7814C8744B00F13BC3 /* JSONKit.m */ = {isa = PBXFileReference; fileEncoding = 4; lastKnownFileType = sourcecode.c.objc; path = JSONKit.m; sourceTree = "<group>"; };
		ADDB8A7B14C8744B00F13BC3 /* NSArrayAdditions.h */ = {isa = PBXFileReference; fileEncoding = 4; lastKnownFileType = sourcecode.c.h; path = NSArrayAdditions.h; sourceTree = "<group>"; };
		ADDB8A7C14C8744B00F13BC3 /* NSArrayAdditions.m */ = {isa = PBXFileReference; fileEncoding = 4; lastKnownFileType = sourcecode.c.objc; path = NSArrayAdditions.m; sourceTree = "<group>"; };
		ADDB8A7D14C8744B00F13BC3 /* NSDataAdditions.h */ = {isa = PBXFileReference; fileEncoding = 4; lastKnownFileType = sourcecode.c.h; path = NSDataAdditions.h; sourceTree = "<group>"; };
		ADDB8A7E14C8744B00F13BC3 /* NSDataAdditions.m */ = {isa = PBXFileReference; fileEncoding = 4; lastKnownFileType = sourcecode.c.objc; path = NSDataAdditions.m; sourceTree = "<group>"; };
		ADDB8A7F14C8744B00F13BC3 /* NSStringAdditions.h */ = {isa = PBXFileReference; fileEncoding = 4; lastKnownFileType = sourcecode.c.h; path = NSStringAdditions.h; sourceTree = "<group>"; };
		ADDB8A8014C8744B00F13BC3 /* NSStringAdditions.m */ = {isa = PBXFileReference; fileEncoding = 4; lastKnownFileType = sourcecode.c.objc; path = NSStringAdditions.m; sourceTree = "<group>"; };
		ADDB8A8114C8744B00F13BC3 /* TTDebug.h */ = {isa = PBXFileReference; fileEncoding = 4; lastKnownFileType = sourcecode.c.h; path = TTDebug.h; sourceTree = "<group>"; };
		ADDB8A8214C8744B00F13BC3 /* TTDebug.m */ = {isa = PBXFileReference; fileEncoding = 4; lastKnownFileType = sourcecode.c.objc; path = TTDebug.m; sourceTree = "<group>"; };
		ADDB8A8314C8744B00F13BC3 /* TTGlobalNetwork.h */ = {isa = PBXFileReference; fileEncoding = 4; lastKnownFileType = sourcecode.c.h; path = TTGlobalNetwork.h; sourceTree = "<group>"; };
		ADDB8A8414C8744B00F13BC3 /* TTGlobalNetwork.m */ = {isa = PBXFileReference; fileEncoding = 4; lastKnownFileType = sourcecode.c.objc; path = TTGlobalNetwork.m; sourceTree = "<group>"; };
		ADDB8A8614C8744B00F13BC3 /* TTRequestLoader.h */ = {isa = PBXFileReference; fileEncoding = 4; lastKnownFileType = sourcecode.c.h; path = TTRequestLoader.h; sourceTree = "<group>"; };
		ADDB8A8714C8744B00F13BC3 /* TTRequestLoader.m */ = {isa = PBXFileReference; fileEncoding = 4; lastKnownFileType = sourcecode.c.objc; path = TTRequestLoader.m; sourceTree = "<group>"; };
		ADDB8A8814C8744B00F13BC3 /* TTURLCache.h */ = {isa = PBXFileReference; fileEncoding = 4; lastKnownFileType = sourcecode.c.h; path = TTURLCache.h; sourceTree = "<group>"; };
		ADDB8A8914C8744B00F13BC3 /* TTURLCache.m */ = {isa = PBXFileReference; fileEncoding = 4; lastKnownFileType = sourcecode.c.objc; path = TTURLCache.m; sourceTree = "<group>"; };
		ADDB8A8A14C8744B00F13BC3 /* TTURLRequest.h */ = {isa = PBXFileReference; fileEncoding = 4; lastKnownFileType = sourcecode.c.h; path = TTURLRequest.h; sourceTree = "<group>"; };
		ADDB8A8B14C8744B00F13BC3 /* TTURLRequest.m */ = {isa = PBXFileReference; fileEncoding = 4; lastKnownFileType = sourcecode.c.objc; path = TTURLRequest.m; sourceTree = "<group>"; };
		ADDB8A8C14C8744B00F13BC3 /* TTURLRequestCachePolicy.h */ = {isa = PBXFileReference; fileEncoding = 4; lastKnownFileType = sourcecode.c.h; path = TTURLRequestCachePolicy.h; sourceTree = "<group>"; };
		ADDB8A8D14C8744B00F13BC3 /* TTURLRequestDelegate.h */ = {isa = PBXFileReference; fileEncoding = 4; lastKnownFileType = sourcecode.c.h; path = TTURLRequestDelegate.h; sourceTree = "<group>"; };
		ADDB8A8E14C8744B00F13BC3 /* TTURLRequestInternal.h */ = {isa = PBXFileReference; fileEncoding = 4; lastKnownFileType = sourcecode.c.h; path = TTURLRequestInternal.h; sourceTree = "<group>"; };
		ADDB8A8F14C8744B00F13BC3 /* TTURLRequestQueue.h */ = {isa = PBXFileReference; fileEncoding = 4; lastKnownFileType = sourcecode.c.h; path = TTURLRequestQueue.h; sourceTree = "<group>"; };
		ADDB8A9014C8744B00F13BC3 /* TTURLRequestQueue.m */ = {isa = PBXFileReference; fileEncoding = 4; lastKnownFileType = sourcecode.c.objc; path = TTURLRequestQueue.m; sourceTree = "<group>"; };
		ADDB8A9114C8744B00F13BC3 /* TTURLRequestQueueInternal.h */ = {isa = PBXFileReference; fileEncoding = 4; lastKnownFileType = sourcecode.c.h; path = TTURLRequestQueueInternal.h; sourceTree = "<group>"; };
		ADDB8A9314C8744B00F13BC3 /* TTGlobalUI.h */ = {isa = PBXFileReference; fileEncoding = 4; lastKnownFileType = sourcecode.c.h; path = TTGlobalUI.h; sourceTree = "<group>"; };
		ADDB8A9414C8744B00F13BC3 /* TTGlobalUI.m */ = {isa = PBXFileReference; fileEncoding = 4; lastKnownFileType = sourcecode.c.objc; path = TTGlobalUI.m; sourceTree = "<group>"; };
		ADDB8A9514C8744B00F13BC3 /* TTInfiniteScrollFooterView.h */ = {isa = PBXFileReference; fileEncoding = 4; lastKnownFileType = sourcecode.c.h; path = TTInfiniteScrollFooterView.h; sourceTree = "<group>"; };
		ADDB8A9614C8744B00F13BC3 /* TTInfiniteScrollFooterView.m */ = {isa = PBXFileReference; fileEncoding = 4; lastKnownFileType = sourcecode.c.objc; path = TTInfiniteScrollFooterView.m; sourceTree = "<group>"; };
		ADDB8A9914C8744B00F13BC3 /* TTModelViewController.h */ = {isa = PBXFileReference; fileEncoding = 4; lastKnownFileType = sourcecode.c.h; path = TTModelViewController.h; sourceTree = "<group>"; };
		ADDB8A9A14C8744B00F13BC3 /* TTModelViewController.m */ = {isa = PBXFileReference; fileEncoding = 4; lastKnownFileType = sourcecode.c.objc; path = TTModelViewController.m; sourceTree = "<group>"; };
		ADDB8A9B14C8744B00F13BC3 /* TTPullRefreshHeaderView.h */ = {isa = PBXFileReference; fileEncoding = 4; lastKnownFileType = sourcecode.c.h; path = TTPullRefreshHeaderView.h; sourceTree = "<group>"; };
		ADDB8A9C14C8744B00F13BC3 /* TTPullRefreshHeaderView.m */ = {isa = PBXFileReference; fileEncoding = 4; lastKnownFileType = sourcecode.c.objc; path = TTPullRefreshHeaderView.m; sourceTree = "<group>"; };
		ADDB8A9F14C8744B00F13BC3 /* TTTableViewCell.h */ = {isa = PBXFileReference; fileEncoding = 4; lastKnownFileType = sourcecode.c.h; path = TTTableViewCell.h; sourceTree = "<group>"; };
		ADDB8AA014C8744B00F13BC3 /* TTTableViewController.h */ = {isa = PBXFileReference; fileEncoding = 4; lastKnownFileType = sourcecode.c.h; path = TTTableViewController.h; sourceTree = "<group>"; };
		ADDB8AA114C8744B00F13BC3 /* TTTableViewController.m */ = {isa = PBXFileReference; fileEncoding = 4; lastKnownFileType = sourcecode.c.objc; path = TTTableViewController.m; sourceTree = "<group>"; };
		ADDB8AA314C8744B00F13BC3 /* TTViewController.h */ = {isa = PBXFileReference; fileEncoding = 4; lastKnownFileType = sourcecode.c.h; path = TTViewController.h; sourceTree = "<group>"; };
		ADDB8AA414C8744B00F13BC3 /* TTViewController.m */ = {isa = PBXFileReference; fileEncoding = 4; lastKnownFileType = sourcecode.c.objc; path = TTViewController.m; sourceTree = "<group>"; };
		ADDB8AA514C8744B00F13BC3 /* UIImageViewAdditions.h */ = {isa = PBXFileReference; fileEncoding = 4; lastKnownFileType = sourcecode.c.h; path = UIImageViewAdditions.h; sourceTree = "<group>"; };
		ADDB8AA614C8744B00F13BC3 /* UIImageViewAdditions.m */ = {isa = PBXFileReference; fileEncoding = 4; lastKnownFileType = sourcecode.c.objc; path = UIImageViewAdditions.m; sourceTree = "<group>"; };
		ADDB8AA714C8744B00F13BC3 /* UIViewAdditions.h */ = {isa = PBXFileReference; fileEncoding = 4; lastKnownFileType = sourcecode.c.h; path = UIViewAdditions.h; sourceTree = "<group>"; };
		ADDB8AA814C8744B00F13BC3 /* UIViewAdditions.m */ = {isa = PBXFileReference; fileEncoding = 4; lastKnownFileType = sourcecode.c.objc; path = UIViewAdditions.m; sourceTree = "<group>"; };
		ADDE4420151EB7D400CDB9E9 /* NSDateAdditions.h */ = {isa = PBXFileReference; fileEncoding = 4; lastKnownFileType = sourcecode.c.h; path = NSDateAdditions.h; sourceTree = "<group>"; };
		ADDE4421151EB7D400CDB9E9 /* NSDateAdditions.m */ = {isa = PBXFileReference; fileEncoding = 4; lastKnownFileType = sourcecode.c.objc; path = NSDateAdditions.m; sourceTree = "<group>"; };
		ADE7643D156DF8D800CD5860 /* TTScrollPagesViewController.h */ = {isa = PBXFileReference; fileEncoding = 4; lastKnownFileType = sourcecode.c.h; path = TTScrollPagesViewController.h; sourceTree = "<group>"; };
		ADE7643E156DF8D800CD5860 /* TTScrollPagesViewController.m */ = {isa = PBXFileReference; fileEncoding = 4; lastKnownFileType = sourcecode.c.objc; path = TTScrollPagesViewController.m; sourceTree = "<group>"; };
/* End PBXFileReference section */

/* Begin PBXFrameworksBuildPhase section */
		ADDB8A6214C8741F00F13BC3 /* Frameworks */ = {
			isa = PBXFrameworksBuildPhase;
			buildActionMask = 2147483647;
			files = (
				ADDB8A6914C8741F00F13BC3 /* Foundation.framework in Frameworks */,
			);
			runOnlyForDeploymentPostprocessing = 0;
		};
/* End PBXFrameworksBuildPhase section */

/* Begin PBXGroup section */
		AD44E53814CBD30C007A2DBD /* TTStyle */ = {
			isa = PBXGroup;
			children = (
				AD5D645814D4FBCC00F3C470 /* TTGlobalStyle.h */,
				AD5D645914D4FBCD00F3C470 /* TTGlobalStyle.m */,
				AD2649F414D664AE001415D0 /* TTStyleSheet.h */,
				AD2649F514D664AF001415D0 /* TTStyleSheet.m */,
				AD44E54B14CBD30C007A2DBD /* TTStyledText.h */,
				AD44E54C14CBD30C007A2DBD /* TTStyledText.m */,
				AD44E54D14CBD30C007A2DBD /* TTStyledTextDelegate.h */,
				AD44E55014CBD30C007A2DBD /* TTStyledTextLabel.h */,
				AD44E55114CBD30C007A2DBD /* TTStyledTextLabel.m */,
				AD8861E614D7EDEE004A64B9 /* TTStyledTextLabelDelegate.h */,
				AD44E57814CBD388007A2DBD /* Styled Frame */,
				AD44E57714CBD370007A2DBD /* Styled Node */,
			);
			path = TTStyle;
			sourceTree = "<group>";
		};
		AD44E57714CBD370007A2DBD /* Styled Node */ = {
			isa = PBXGroup;
			children = (
				AD44E55414CBD30C007A2DBD /* TTStyledTextParser.h */,
				AD44E55514CBD30C007A2DBD /* TTStyledTextParser.m */,
				AD44E54914CBD30C007A2DBD /* TTStyledNode.h */,
				AD44E54A14CBD30C007A2DBD /* TTStyledNode.m */,
				AD44E53B14CBD30C007A2DBD /* TTStyledElement.h */,
				AD44E53C14CBD30C007A2DBD /* TTStyledElement.m */,
				AD44E54114CBD30C007A2DBD /* TTStyledImageNode.h */,
				AD44E54214CBD30C007A2DBD /* TTStyledImageNode.m */,
				AD3DC3EB1535EAA70079D263 /* TTStyledLineBreakNode.h */,
				AD3DC3EC1535EAA70079D263 /* TTStyledLineBreakNode.m */,
				AD44E54714CBD30C007A2DBD /* TTStyledLinkNode.h */,
				AD44E54814CBD30C007A2DBD /* TTStyledLinkNode.m */,
				AD44E55214CBD30C007A2DBD /* TTStyledTextNode.h */,
				AD44E55314CBD30C007A2DBD /* TTStyledTextNode.m */,
			);
			name = "Styled Node";
			sourceTree = "<group>";
		};
		AD44E57814CBD388007A2DBD /* Styled Frame */ = {
			isa = PBXGroup;
			children = (
				AD44E54514CBD30C007A2DBD /* TTStyledLayout.h */,
				AD44E54614CBD30C007A2DBD /* TTStyledLayout.m */,
				AD44E53D14CBD30C007A2DBD /* TTStyledFrame.h */,
				AD44E53E14CBD30C007A2DBD /* TTStyledFrame.m */,
				AD44E5C114CD0B3B007A2DBD /* TTStyledInlineFrame.h */,
				AD44E5C214CD0B3C007A2DBD /* TTStyledInlineFrame.m */,
				AD44E53914CBD30C007A2DBD /* TTStyledBoxFrame.h */,
				AD44E53A14CBD30C007A2DBD /* TTStyledBoxFrame.m */,
				AD44E53F14CBD30C007A2DBD /* TTStyledImageFrame.h */,
				AD44E54014CBD30C007A2DBD /* TTStyledImageFrame.m */,
				AD44E54E14CBD30C007A2DBD /* TTStyledTextFrame.h */,
				AD44E54F14CBD30C007A2DBD /* TTStyledTextFrame.m */,
			);
			name = "Styled Frame";
			sourceTree = "<group>";
		};
		AD63E3C214C876E500D505F2 /* TTCore */ = {
			isa = PBXGroup;
			children = (
				ADDB8A7B14C8744B00F13BC3 /* NSArrayAdditions.h */,
				ADDB8A7C14C8744B00F13BC3 /* NSArrayAdditions.m */,
				ADDB8A7D14C8744B00F13BC3 /* NSDataAdditions.h */,
				ADDB8A7E14C8744B00F13BC3 /* NSDataAdditions.m */,
				ADDE4420151EB7D400CDB9E9 /* NSDateAdditions.h */,
				ADDE4421151EB7D400CDB9E9 /* NSDateAdditions.m */,
				ADDB8A7F14C8744B00F13BC3 /* NSStringAdditions.h */,
				ADDB8A8014C8744B00F13BC3 /* NSStringAdditions.m */,
				ADDB8A8114C8744B00F13BC3 /* TTDebug.h */,
				ADDB8A8214C8744B00F13BC3 /* TTDebug.m */,
				AD63E3C314C876F400D505F2 /* TTGlobalCore.h */,
				AD63E3C414C876F400D505F2 /* TTGlobalCore.m */,
			);
			path = TTCore;
			sourceTree = "<group>";
		};
		ADDB8A5A14C8741F00F13BC3 = {
			isa = PBXGroup;
			children = (
				AD63E3E914C87CD100D505F2 /* TT.h */,
				AD63E3C214C876E500D505F2 /* TTCore */,
				ADDB8A7A14C8744B00F13BC3 /* TTNetwork */,
				ADDB8A9214C8744B00F13BC3 /* TTUI */,
				AD44E53814CBD30C007A2DBD /* TTStyle */,
				ADDB8A7514C8744B00F13BC3 /* JSONKit */,
				ADDB8A6714C8741F00F13BC3 /* Frameworks */,
				ADDB8A6614C8741F00F13BC3 /* Products */,
			);
			sourceTree = "<group>";
		};
		ADDB8A6614C8741F00F13BC3 /* Products */ = {
			isa = PBXGroup;
			children = (
				ADDB8A6514C8741F00F13BC3 /* libTT.a */,
			);
			name = Products;
			sourceTree = "<group>";
		};
		ADDB8A6714C8741F00F13BC3 /* Frameworks */ = {
			isa = PBXGroup;
			children = (
				ADDB8A6814C8741F00F13BC3 /* Foundation.framework */,
			);
			name = Frameworks;
			sourceTree = "<group>";
		};
		ADDB8A7514C8744B00F13BC3 /* JSONKit */ = {
			isa = PBXGroup;
			children = (
				ADDB8A7714C8744B00F13BC3 /* JSONKit.h */,
				ADDB8A7814C8744B00F13BC3 /* JSONKit.m */,
			);
			path = JSONKit;
			sourceTree = "<group>";
		};
		ADDB8A7A14C8744B00F13BC3 /* TTNetwork */ = {
			isa = PBXGroup;
			children = (
				ADDB8A8314C8744B00F13BC3 /* TTGlobalNetwork.h */,
				ADDB8A8414C8744B00F13BC3 /* TTGlobalNetwork.m */,
				ADDB8A8814C8744B00F13BC3 /* TTURLCache.h */,
				ADDB8A8914C8744B00F13BC3 /* TTURLCache.m */,
				ADDB8A8A14C8744B00F13BC3 /* TTURLRequest.h */,
				ADDB8A8B14C8744B00F13BC3 /* TTURLRequest.m */,
				ADDB8A8C14C8744B00F13BC3 /* TTURLRequestCachePolicy.h */,
				ADDB8A8D14C8744B00F13BC3 /* TTURLRequestDelegate.h */,
				ADDB8A8E14C8744B00F13BC3 /* TTURLRequestInternal.h */,
				ADDB8A8F14C8744B00F13BC3 /* TTURLRequestQueue.h */,
				ADDB8A9014C8744B00F13BC3 /* TTURLRequestQueue.m */,
				ADDB8A9114C8744B00F13BC3 /* TTURLRequestQueueInternal.h */,
				ADCB510714C9163700364611 /* TTModel.h */,
				ADAC5E8614F4BF1A003E6D44 /* TTModel.m */,
				ADCB510F14CA6C7B00364611 /* TTModelDelegate.h */,
				ADCB510B14C9172300364611 /* TTURLRequestModel.h */,
				ADCB510C14C9172500364611 /* TTURLRequestModel.m */,
				ADDB8A8614C8744B00F13BC3 /* TTRequestLoader.h */,
				ADDB8A8714C8744B00F13BC3 /* TTRequestLoader.m */,
			);
			path = TTNetwork;
			sourceTree = "<group>";
		};
		ADDB8A9214C8744B00F13BC3 /* TTUI */ = {
			isa = PBXGroup;
			children = (
				AD1E0BA915032916001254C6 /* TTActivityLabel.h */,
				AD1E0BAA15032916001254C6 /* TTActivityLabel.m */,
				AD86BCE31508B9D400E1E084 /* TTArrayModel.h */,
				AD86BCE41508B9D400E1E084 /* TTArrayModel.m */,
				AD057A2C151A18C2001C8812 /* TTFetchResultsModel.h */,
				AD057A2D151A18C2001C8812 /* TTFetchResultsModel.m */,
				ADDB8A9314C8744B00F13BC3 /* TTGlobalUI.h */,
				ADDB8A9414C8744B00F13BC3 /* TTGlobalUI.m */,
				ADDB8A9514C8744B00F13BC3 /* TTInfiniteScrollFooterView.h */,
				ADDB8A9614C8744B00F13BC3 /* TTInfiniteScrollFooterView.m */,
				ADDB8A9914C8744B00F13BC3 /* TTModelViewController.h */,
				ADDB8A9A14C8744B00F13BC3 /* TTModelViewController.m */,
				ADCB511F14CA838E00364611 /* TTNetworkEnabledTableViewController.h */,
				ADCB512014CA838F00364611 /* TTNetworkEnabledTableViewController.m */,
				AD8367F81507481600863882 /* TTPageControl.h */,
				AD8367F91507481600863882 /* TTPageControl.m */,
				AD0C741E14E8E6E10034DDDD /* TTPopoverBackgroundView.h */,
				AD0C741F14E8E6E10034DDDD /* TTPopoverBackgroundView.m */,
				AD0C742014E8E6E10034DDDD /* TTPopoverController.h */,
				AD0C742114E8E6E10034DDDD /* TTPopoverController.m */,
				ADDB8A9B14C8744B00F13BC3 /* TTPullRefreshHeaderView.h */,
				ADDB8A9C14C8744B00F13BC3 /* TTPullRefreshHeaderView.m */,
				ADE7643D156DF8D800CD5860 /* TTScrollPagesViewController.h */,
				ADE7643E156DF8D800CD5860 /* TTScrollPagesViewController.m */,
				AD8367FA1507481600863882 /* TTTableView.h */,
				AD8367FB1507481600863882 /* TTTableView.m */,
				ADDB8A9F14C8744B00F13BC3 /* TTTableViewCell.h */,
				ADDB8AA014C8744B00F13BC3 /* TTTableViewController.h */,
				ADDB8AA114C8744B00F13BC3 /* TTTableViewController.m */,
				ADDB8AA314C8744B00F13BC3 /* TTViewController.h */,
				ADDB8AA414C8744B00F13BC3 /* TTViewController.m */,
				ADD03419151EFE940011441A /* TTWebViewController.h */,
				ADD0341A151EFE940011441A /* TTWebViewController.m */,
				AD44E55614CBD30C007A2DBD /* UIImageAdditions.h */,
				AD44E55714CBD30C007A2DBD /* UIImageAdditions.m */,
				ADDB8AA514C8744B00F13BC3 /* UIImageViewAdditions.h */,
				ADDB8AA614C8744B00F13BC3 /* UIImageViewAdditions.m */,
				AD83680415075A2D00863882 /* UITableViewAdditions.h */,
				AD83680515075A2E00863882 /* UITableViewAdditions.m */,
				ADDB8AA714C8744B00F13BC3 /* UIViewAdditions.h */,
				ADDB8AA814C8744B00F13BC3 /* UIViewAdditions.m */,
				AD057A2E151A18C2001C8812 /* UIViewControllerAdditions.h */,
				AD057A2F151A18C2001C8812 /* UIViewControllerAdditions.m */,
			);
			path = TTUI;
			sourceTree = "<group>";
		};
/* End PBXGroup section */

/* Begin PBXHeadersBuildPhase section */
		ADDB8A6314C8741F00F13BC3 /* Headers */ = {
			isa = PBXHeadersBuildPhase;
			buildActionMask = 2147483647;
			files = (
				ADDB8AA914C8744B00F13BC3 /* JSONKit.h in Headers */,
				ADDB8AAB14C8744B00F13BC3 /* NSArrayAdditions.h in Headers */,
				ADDB8AAD14C8744B00F13BC3 /* NSDataAdditions.h in Headers */,
				ADDB8AAF14C8744B00F13BC3 /* NSStringAdditions.h in Headers */,
				ADDB8AB114C8744B00F13BC3 /* TTDebug.h in Headers */,
				ADDB8AB314C8744B00F13BC3 /* TTGlobalNetwork.h in Headers */,
				ADDB8AB614C8744B00F13BC3 /* TTRequestLoader.h in Headers */,
				ADDB8AB814C8744B00F13BC3 /* TTURLCache.h in Headers */,
				ADDB8ABA14C8744B00F13BC3 /* TTURLRequest.h in Headers */,
				ADDB8ABC14C8744B00F13BC3 /* TTURLRequestCachePolicy.h in Headers */,
				ADDB8ABD14C8744B00F13BC3 /* TTURLRequestDelegate.h in Headers */,
				ADDB8ABF14C8744B00F13BC3 /* TTURLRequestQueue.h in Headers */,
				ADDB8AC214C8744B00F13BC3 /* TTGlobalUI.h in Headers */,
				ADDB8AC414C8744B00F13BC3 /* TTInfiniteScrollFooterView.h in Headers */,
				ADDB8AC814C8744B00F13BC3 /* TTModelViewController.h in Headers */,
				ADDB8ACA14C8744B00F13BC3 /* TTPullRefreshHeaderView.h in Headers */,
				ADDB8ACE14C8744B00F13BC3 /* TTTableViewCell.h in Headers */,
				ADDB8ACF14C8744B00F13BC3 /* TTTableViewController.h in Headers */,
				ADDB8AD214C8744B00F13BC3 /* TTViewController.h in Headers */,
				ADDB8AD414C8744B00F13BC3 /* UIImageViewAdditions.h in Headers */,
				ADDB8AD614C8744B00F13BC3 /* UIViewAdditions.h in Headers */,
				AD63E3C514C876F400D505F2 /* TTGlobalCore.h in Headers */,
				AD63E3EA14C87CD100D505F2 /* TT.h in Headers */,
				AD63E4D214C902E100D505F2 /* TTURLRequestQueueInternal.h in Headers */,
				ADCB50A914C9105200364611 /* TTURLRequestInternal.h in Headers */,
				ADCB510914C9163800364611 /* TTModel.h in Headers */,
				ADCB510D14C9172600364611 /* TTURLRequestModel.h in Headers */,
				ADCB511114CA6C7D00364611 /* TTModelDelegate.h in Headers */,
				ADCB512114CA839000364611 /* TTNetworkEnabledTableViewController.h in Headers */,
				AD44E55814CBD30C007A2DBD /* TTStyledBoxFrame.h in Headers */,
				AD44E55A14CBD30C007A2DBD /* TTStyledElement.h in Headers */,
				AD44E55C14CBD30C007A2DBD /* TTStyledFrame.h in Headers */,
				AD44E55E14CBD30C007A2DBD /* TTStyledImageFrame.h in Headers */,
				AD44E56014CBD30C007A2DBD /* TTStyledImageNode.h in Headers */,
				AD44E56414CBD30C007A2DBD /* TTStyledLayout.h in Headers */,
				AD44E56614CBD30C007A2DBD /* TTStyledLinkNode.h in Headers */,
				AD44E56814CBD30C007A2DBD /* TTStyledNode.h in Headers */,
				AD44E56A14CBD30C007A2DBD /* TTStyledText.h in Headers */,
				AD44E56C14CBD30C007A2DBD /* TTStyledTextDelegate.h in Headers */,
				AD44E56D14CBD30C007A2DBD /* TTStyledTextFrame.h in Headers */,
				AD44E56F14CBD30C007A2DBD /* TTStyledTextLabel.h in Headers */,
				AD44E57114CBD30C007A2DBD /* TTStyledTextNode.h in Headers */,
				AD44E57314CBD30C007A2DBD /* TTStyledTextParser.h in Headers */,
				AD44E57514CBD30C007A2DBD /* UIImageAdditions.h in Headers */,
				AD44E5C314CD0B3E007A2DBD /* TTStyledInlineFrame.h in Headers */,
				AD5D645A14D4FBCE00F3C470 /* TTGlobalStyle.h in Headers */,
				AD2649F614D664AF001415D0 /* TTStyleSheet.h in Headers */,
				AD8861E814D7EDEE004A64B9 /* TTStyledTextLabelDelegate.h in Headers */,
				AD0C742214E8E6E20034DDDD /* TTPopoverBackgroundView.h in Headers */,
				AD0C742414E8E6E20034DDDD /* TTPopoverController.h in Headers */,
				AD1E0BAB15032916001254C6 /* TTActivityLabel.h in Headers */,
				AD8367FC1507481600863882 /* TTPageControl.h in Headers */,
				AD8367FE1507481600863882 /* TTTableView.h in Headers */,
				AD83680615075A2E00863882 /* UITableViewAdditions.h in Headers */,
				AD86BCE51508B9D400E1E084 /* TTArrayModel.h in Headers */,
				AD057A30151A18C2001C8812 /* TTFetchResultsModel.h in Headers */,
				AD057A32151A18C2001C8812 /* UIViewControllerAdditions.h in Headers */,
				ADDE4422151EB7D400CDB9E9 /* NSDateAdditions.h in Headers */,
				ADD0341B151EFE940011441A /* TTWebViewController.h in Headers */,
				AD3DC3ED1535EAA70079D263 /* TTStyledLineBreakNode.h in Headers */,
				ADE7643F156DF8D800CD5860 /* TTScrollPagesViewController.h in Headers */,
			);
			runOnlyForDeploymentPostprocessing = 0;
		};
/* End PBXHeadersBuildPhase section */

/* Begin PBXNativeTarget section */
		ADDB8A6414C8741F00F13BC3 /* TT */ = {
			isa = PBXNativeTarget;
			buildConfigurationList = ADDB8A7214C8741F00F13BC3 /* Build configuration list for PBXNativeTarget "TT" */;
			buildPhases = (
				ADDB8A6114C8741F00F13BC3 /* Sources */,
				ADDB8A6214C8741F00F13BC3 /* Frameworks */,
				ADDB8A6314C8741F00F13BC3 /* Headers */,
			);
			buildRules = (
			);
			dependencies = (
			);
			name = TT;
			productName = TT;
			productReference = ADDB8A6514C8741F00F13BC3 /* libTT.a */;
			productType = "com.apple.product-type.library.static";
		};
/* End PBXNativeTarget section */

/* Begin PBXProject section */
		ADDB8A5C14C8741F00F13BC3 /* Project object */ = {
			isa = PBXProject;
			attributes = {
				LastUpgradeCheck = 0430;
			};
			buildConfigurationList = ADDB8A5F14C8741F00F13BC3 /* Build configuration list for PBXProject "TT" */;
			compatibilityVersion = "Xcode 3.2";
			developmentRegion = English;
			hasScannedForEncodings = 0;
			knownRegions = (
				en,
			);
			mainGroup = ADDB8A5A14C8741F00F13BC3;
			productRefGroup = ADDB8A6614C8741F00F13BC3 /* Products */;
			projectDirPath = "";
			projectRoot = "";
			targets = (
				ADDB8A6414C8741F00F13BC3 /* TT */,
			);
		};
/* End PBXProject section */

/* Begin PBXSourcesBuildPhase section */
		ADDB8A6114C8741F00F13BC3 /* Sources */ = {
			isa = PBXSourcesBuildPhase;
			buildActionMask = 2147483647;
			files = (
				ADDB8AAA14C8744B00F13BC3 /* JSONKit.m in Sources */,
				ADDB8AAC14C8744B00F13BC3 /* NSArrayAdditions.m in Sources */,
				ADDB8AAE14C8744B00F13BC3 /* NSDataAdditions.m in Sources */,
				ADDB8AB014C8744B00F13BC3 /* NSStringAdditions.m in Sources */,
				ADDB8AB214C8744B00F13BC3 /* TTDebug.m in Sources */,
				ADDB8AB414C8744B00F13BC3 /* TTGlobalNetwork.m in Sources */,
				ADDB8AB714C8744B00F13BC3 /* TTRequestLoader.m in Sources */,
				ADDB8AB914C8744B00F13BC3 /* TTURLCache.m in Sources */,
				ADDB8ABB14C8744B00F13BC3 /* TTURLRequest.m in Sources */,
				ADDB8AC014C8744B00F13BC3 /* TTURLRequestQueue.m in Sources */,
				ADDB8AC314C8744B00F13BC3 /* TTGlobalUI.m in Sources */,
				ADDB8AC514C8744B00F13BC3 /* TTInfiniteScrollFooterView.m in Sources */,
				ADDB8AC914C8744B00F13BC3 /* TTModelViewController.m in Sources */,
				ADDB8ACB14C8744B00F13BC3 /* TTPullRefreshHeaderView.m in Sources */,
				ADDB8AD014C8744B00F13BC3 /* TTTableViewController.m in Sources */,
				ADDB8AD314C8744B00F13BC3 /* TTViewController.m in Sources */,
				ADDB8AD514C8744B00F13BC3 /* UIImageViewAdditions.m in Sources */,
				ADDB8AD714C8744B00F13BC3 /* UIViewAdditions.m in Sources */,
				AD63E3C614C876F400D505F2 /* TTGlobalCore.m in Sources */,
				ADCB510E14C9172600364611 /* TTURLRequestModel.m in Sources */,
				ADCB512214CA839000364611 /* TTNetworkEnabledTableViewController.m in Sources */,
				AD44E55914CBD30C007A2DBD /* TTStyledBoxFrame.m in Sources */,
				AD44E55B14CBD30C007A2DBD /* TTStyledElement.m in Sources */,
				AD44E55D14CBD30C007A2DBD /* TTStyledFrame.m in Sources */,
				AD44E55F14CBD30C007A2DBD /* TTStyledImageFrame.m in Sources */,
				AD44E56114CBD30C007A2DBD /* TTStyledImageNode.m in Sources */,
				AD44E56514CBD30C007A2DBD /* TTStyledLayout.m in Sources */,
				AD44E56714CBD30C007A2DBD /* TTStyledLinkNode.m in Sources */,
				AD44E56914CBD30C007A2DBD /* TTStyledNode.m in Sources */,
				AD44E56B14CBD30C007A2DBD /* TTStyledText.m in Sources */,
				AD44E56E14CBD30C007A2DBD /* TTStyledTextFrame.m in Sources */,
				AD44E57014CBD30C007A2DBD /* TTStyledTextLabel.m in Sources */,
				AD44E57214CBD30C007A2DBD /* TTStyledTextNode.m in Sources */,
				AD44E57414CBD30C007A2DBD /* TTStyledTextParser.m in Sources */,
				AD44E57614CBD30C007A2DBD /* UIImageAdditions.m in Sources */,
				AD44E5C414CD0B3E007A2DBD /* TTStyledInlineFrame.m in Sources */,
				AD5D645B14D4FBCE00F3C470 /* TTGlobalStyle.m in Sources */,
				AD2649F714D664AF001415D0 /* TTStyleSheet.m in Sources */,
				AD0C742314E8E6E20034DDDD /* TTPopoverBackgroundView.m in Sources */,
				AD0C742514E8E6E20034DDDD /* TTPopoverController.m in Sources */,
				ADAC5E8714F4BF1A003E6D44 /* TTModel.m in Sources */,
				AD1E0BAC15032916001254C6 /* TTActivityLabel.m in Sources */,
				AD8367FD1507481600863882 /* TTPageControl.m in Sources */,
				AD8367FF1507481600863882 /* TTTableView.m in Sources */,
				AD83680715075A2E00863882 /* UITableViewAdditions.m in Sources */,
				AD86BCE61508B9D400E1E084 /* TTArrayModel.m in Sources */,
				AD057A31151A18C2001C8812 /* TTFetchResultsModel.m in Sources */,
				AD057A33151A18C2001C8812 /* UIViewControllerAdditions.m in Sources */,
				ADDE4423151EB7D400CDB9E9 /* NSDateAdditions.m in Sources */,
				ADD0341C151EFE940011441A /* TTWebViewController.m in Sources */,
				AD3DC3EE1535EAA70079D263 /* TTStyledLineBreakNode.m in Sources */,
				ADE76440156DF8D800CD5860 /* TTScrollPagesViewController.m in Sources */,
			);
			runOnlyForDeploymentPostprocessing = 0;
		};
/* End PBXSourcesBuildPhase section */

/* Begin XCBuildConfiguration section */
		ADDB8A7014C8741F00F13BC3 /* Debug */ = {
			isa = XCBuildConfiguration;
			buildSettings = {
				ALWAYS_SEARCH_USER_PATHS = NO;
				ARCHS = (
					armv6,
					armv7,
				);
				COPY_PHASE_STRIP = NO;
				GCC_C_LANGUAGE_STANDARD = gnu99;
				GCC_DYNAMIC_NO_PIC = NO;
				GCC_OPTIMIZATION_LEVEL = 0;
				GCC_PREPROCESSOR_DEFINITIONS = (
					"DEBUG=1",
					"$(inherited)",
				);
				GCC_SYMBOLS_PRIVATE_EXTERN = NO;
				GCC_WARN_ABOUT_MISSING_PROTOTYPES = YES;
				GCC_WARN_ABOUT_RETURN_TYPE = YES;
				GCC_WARN_UNUSED_VARIABLE = YES;
				IPHONEOS_DEPLOYMENT_TARGET = 4.0;
				SDKROOT = iphoneos;
			};
			name = Debug;
		};
		ADDB8A7114C8741F00F13BC3 /* Release */ = {
			isa = XCBuildConfiguration;
			buildSettings = {
				ALWAYS_SEARCH_USER_PATHS = NO;
				ARCHS = (
					armv6,
					armv7,
				);
				COPY_PHASE_STRIP = YES;
				GCC_C_LANGUAGE_STANDARD = gnu99;
				GCC_WARN_ABOUT_MISSING_PROTOTYPES = YES;
				GCC_WARN_ABOUT_RETURN_TYPE = YES;
				GCC_WARN_UNUSED_VARIABLE = YES;
				IPHONEOS_DEPLOYMENT_TARGET = 4.0;
				SDKROOT = iphoneos;
				VALIDATE_PRODUCT = YES;
			};
			name = Release;
		};
		ADDB8A7314C8741F00F13BC3 /* Debug */ = {
			isa = XCBuildConfiguration;
			buildSettings = {
				IPHONEOS_DEPLOYMENT_TARGET = 4.0;
				OTHER_LDFLAGS = "-ObjC";
				PRODUCT_NAME = "$(TARGET_NAME)";
			};
			name = Debug;
		};
		ADDB8A7414C8741F00F13BC3 /* Release */ = {
			isa = XCBuildConfiguration;
			buildSettings = {
				IPHONEOS_DEPLOYMENT_TARGET = 4.0;
				OTHER_LDFLAGS = "-ObjC";
				PRODUCT_NAME = "$(TARGET_NAME)";
			};
			name = Release;
		};
/* End XCBuildConfiguration section */

/* Begin XCConfigurationList section */
		ADDB8A5F14C8741F00F13BC3 /* Build configuration list for PBXProject "TT" */ = {
			isa = XCConfigurationList;
			buildConfigurations = (
				ADDB8A7014C8741F00F13BC3 /* Debug */,
				ADDB8A7114C8741F00F13BC3 /* Release */,
			);
			defaultConfigurationIsVisible = 0;
			defaultConfigurationName = Release;
		};
		ADDB8A7214C8741F00F13BC3 /* Build configuration list for PBXNativeTarget "TT" */ = {
			isa = XCConfigurationList;
			buildConfigurations = (
				ADDB8A7314C8741F00F13BC3 /* Debug */,
				ADDB8A7414C8741F00F13BC3 /* Release */,
			);
			defaultConfigurationIsVisible = 0;
			defaultConfigurationName = Release;
		};
/* End XCConfigurationList section */
	};
	rootObject = ADDB8A5C14C8741F00F13BC3 /* Project object */;
}
